{
  "name": "com.example.nfcid",
  "version": "1.0.0",
  "lockfileVersion": 3,
  "requires": true,
  "packages": {
    "": {
      "name": "com.example.nfcid",
      "version": "1.0.0",
      "license": "Apache-2.0",
      "devDependencies": {
        "cordova-plugin-nfc-id": "github:MeKo-Christian/cordova-plugin-nfc-id"
      }
    },
    "..": {
      "version": "1.0.0",
      "extraneous": true,
      "license": "ISC",
      "engines": {
        "cordovaDependencies": {
          "12.0.0": {
            "cordova": ">=12.0.0"
          }
        }
      }
    },
    "node_modules/cordova-plugin-nfc-id": {
      "version": "1.0.6",
      "resolved": "git+ssh://git@github.com/MeKo-Christian/cordova-plugin-nfc-id.git#57fdff92b9b7cec5e6a4b4c41adad06b6f99923d",
      "dev": true,
      "engines": {
        "cordova": ">=8.0.0"
      }
    }
  }
}
